
Microsoft Visual Studio Solution File, Format Version 12.00
# Visual Studio Version 16
VisualStudioVersion = 16.0.30503.244
MinimumVisualStudioVersion = 10.0.40219.1
Project("{00D1A9C2-B5F0-4AF3-8072-F6C62B433612}") = "Nutrition", "Database\Nutrition.sqlproj", "{6B0976D1-8D29-4A94-B768-948FE9C2671A}"
EndProject
Global
	GlobalSection(SolutionConfigurationPlatforms) = preSolution
		Debug|Any CPU = Debug|Any CPU
		Release|Any CPU = Release|Any CPU
	EndGlobalSection
	GlobalSection(ProjectConfigurationPlatforms) = postSolution
		{6B0976D1-8D29-4A94-B768-948FE9C2671A}.Debug|Any CPU.ActiveCfg = Debug|Any CPU
		{6B0976D1-8D29-4A94-B768-948FE9C2671A}.Debug|Any CPU.Build.0 = Debug|Any CPU
		{6B0976D1-8D29-4A94-B768-948FE9C2671A}.Debug|Any CPU.Deploy.0 = Debug|Any CPU
		{6B0976D1-8D29-4A94-B768-948FE9C2671A}.Release|Any CPU.ActiveCfg = Release|Any CPU
		{6B0976D1-8D29-4A94-B768-948FE9C2671A}.Release|Any CPU.Build.0 = Release|Any CPU
		{6B0976D1-8D29-4A94-B768-948FE9C2671A}.Release|Any CPU.Deploy.0 = Release|Any CPU
	EndGlobalSection
	GlobalSection(SolutionProperties) = preSolution
		HideSolutionNode = FALSE
	EndGlobalSection
	GlobalSection(ExtensibilityGlobals) = postSolution
		SolutionGuid = {B516D1B1-3F21-426F-A8BA-5340026FA5AD}
	EndGlobalSection
EndGlobal
